
Microsoft Visual Studio Solution File, Format Version 12.00
# Visual Studio 2012
Project("{FAE04EC0-301F-11D3-BF4B-00C04F79EFBC}") = "Modulo1.Shell", "Modulo1.Shell\Modulo1.Shell.csproj", "{18ECDE10-FE94-4C9F-B885-3FC6DD909A97}"
EndProject
Project("{FAE04EC0-301F-11D3-BF4B-00C04F79EFBC}") = "Modulo1.Wpf", "Modulo1.Wpf\Modulo1.Wpf.csproj", "{B96BD813-6E18-4CFE-A9CA-82D25566254C}"
EndProject
Project("{FAE04EC0-301F-11D3-BF4B-00C04F79EFBC}") = "Modulo2.Shell", "Modulo2.Shell\Modulo2.Shell.csproj", "{C7D14D4B-7625-448B-83CB-9CA3AA5ABA44}"
EndProject
Project("{FAE04EC0-301F-11D3-BF4B-00C04F79EFBC}") = "Modulo3.Shell", "Modulo3.Shell\Modulo3.Shell.csproj", "{8D25EEA5-B342-49E1-9364-667BA594BFEE}"
EndProject
Project("{FAE04EC0-301F-11D3-BF4B-00C04F79EFBC}") = "Modulo5.Editor", "Modulo5.Editor\Modulo5.Editor.csproj", "{AF576815-54F7-4891-9BA7-4539488BD909}"
EndProject
Project("{FAE04EC0-301F-11D3-BF4B-00C04F79EFBC}") = "Modulo6.Model", "Modulo6.Model\Modulo6.Model.csproj", "{A013E10F-CCB1-4495-81F8-41867B241326}"
EndProject
Project("{FAE04EC0-301F-11D3-BF4B-00C04F79EFBC}") = "Modulo6.Tests", "Modulo6.Tests\Modulo6.Tests.csproj", "{69F0A823-E743-4657-8D19-CFCDF8599BA1}"
EndProject
Global
	GlobalSection(SolutionConfigurationPlatforms) = preSolution
		Debug|Any CPU = Debug|Any CPU
		Release|Any CPU = Release|Any CPU
	EndGlobalSection
	GlobalSection(ProjectConfigurationPlatforms) = postSolution
		{18ECDE10-FE94-4C9F-B885-3FC6DD909A97}.Debug|Any CPU.ActiveCfg = Debug|Any CPU
		{18ECDE10-FE94-4C9F-B885-3FC6DD909A97}.Debug|Any CPU.Build.0 = Debug|Any CPU
		{18ECDE10-FE94-4C9F-B885-3FC6DD909A97}.Release|Any CPU.ActiveCfg = Release|Any CPU
		{18ECDE10-FE94-4C9F-B885-3FC6DD909A97}.Release|Any CPU.Build.0 = Release|Any CPU
		{B96BD813-6E18-4CFE-A9CA-82D25566254C}.Debug|Any CPU.ActiveCfg = Debug|Any CPU
		{B96BD813-6E18-4CFE-A9CA-82D25566254C}.Debug|Any CPU.Build.0 = Debug|Any CPU
		{B96BD813-6E18-4CFE-A9CA-82D25566254C}.Release|Any CPU.ActiveCfg = Release|Any CPU
		{B96BD813-6E18-4CFE-A9CA-82D25566254C}.Release|Any CPU.Build.0 = Release|Any CPU
		{C7D14D4B-7625-448B-83CB-9CA3AA5ABA44}.Debug|Any CPU.ActiveCfg = Debug|Any CPU
		{C7D14D4B-7625-448B-83CB-9CA3AA5ABA44}.Debug|Any CPU.Build.0 = Debug|Any CPU
		{C7D14D4B-7625-448B-83CB-9CA3AA5ABA44}.Release|Any CPU.ActiveCfg = Release|Any CPU
		{C7D14D4B-7625-448B-83CB-9CA3AA5ABA44}.Release|Any CPU.Build.0 = Release|Any CPU
		{8D25EEA5-B342-49E1-9364-667BA594BFEE}.Debug|Any CPU.ActiveCfg = Debug|Any CPU
		{8D25EEA5-B342-49E1-9364-667BA594BFEE}.Debug|Any CPU.Build.0 = Debug|Any CPU
		{8D25EEA5-B342-49E1-9364-667BA594BFEE}.Release|Any CPU.ActiveCfg = Release|Any CPU
		{8D25EEA5-B342-49E1-9364-667BA594BFEE}.Release|Any CPU.Build.0 = Release|Any CPU
		{AF576815-54F7-4891-9BA7-4539488BD909}.Debug|Any CPU.ActiveCfg = Debug|Any CPU
		{AF576815-54F7-4891-9BA7-4539488BD909}.Debug|Any CPU.Build.0 = Debug|Any CPU
		{AF576815-54F7-4891-9BA7-4539488BD909}.Release|Any CPU.ActiveCfg = Release|Any CPU
		{AF576815-54F7-4891-9BA7-4539488BD909}.Release|Any CPU.Build.0 = Release|Any CPU
		{A013E10F-CCB1-4495-81F8-41867B241326}.Debug|Any CPU.ActiveCfg = Debug|Any CPU
		{A013E10F-CCB1-4495-81F8-41867B241326}.Debug|Any CPU.Build.0 = Debug|Any CPU
		{A013E10F-CCB1-4495-81F8-41867B241326}.Release|Any CPU.ActiveCfg = Release|Any CPU
		{A013E10F-CCB1-4495-81F8-41867B241326}.Release|Any CPU.Build.0 = Release|Any CPU
		{69F0A823-E743-4657-8D19-CFCDF8599BA1}.Debug|Any CPU.ActiveCfg = Debug|Any CPU
		{69F0A823-E743-4657-8D19-CFCDF8599BA1}.Debug|Any CPU.Build.0 = Debug|Any CPU
		{69F0A823-E743-4657-8D19-CFCDF8599BA1}.Release|Any CPU.ActiveCfg = Release|Any CPU
		{69F0A823-E743-4657-8D19-CFCDF8599BA1}.Release|Any CPU.Build.0 = Release|Any CPU
	EndGlobalSection
	GlobalSection(SolutionProperties) = preSolution
		HideSolutionNode = FALSE
	EndGlobalSection
EndGlobal
