
Microsoft Visual Studio Solution File, Format Version 11.00
# Visual Studio 2010
Project("{FAE04EC0-301F-11D3-BF4B-00C04F79EFBC}") = "Modulo6.Web", "Modulo6.Web\Modulo6.Web.csproj", "{ED0B0DA9-426F-4579-8C95-4D2D00749122}"
EndProject
Global
	GlobalSection(SolutionConfigurationPlatforms) = preSolution
		Debug|Any CPU = Debug|Any CPU
		Release|Any CPU = Release|Any CPU
	EndGlobalSection
	GlobalSection(ProjectConfigurationPlatforms) = postSolution
		{ED0B0DA9-426F-4579-8C95-4D2D00749122}.Debug|Any CPU.ActiveCfg = Debug|Any CPU
		{ED0B0DA9-426F-4579-8C95-4D2D00749122}.Debug|Any CPU.Build.0 = Debug|Any CPU
		{ED0B0DA9-426F-4579-8C95-4D2D00749122}.Release|Any CPU.ActiveCfg = Release|Any CPU
		{ED0B0DA9-426F-4579-8C95-4D2D00749122}.Release|Any CPU.Build.0 = Release|Any CPU
	EndGlobalSection
	GlobalSection(SolutionProperties) = preSolution
		HideSolutionNode = FALSE
	EndGlobalSection
EndGlobal
