
Microsoft Visual Studio Solution File, Format Version 12.00
# Visual Studio 2012
Project("{FAE04EC0-301F-11D3-BF4B-00C04F79EFBC}") = "Modulo1.Web", "Modulo1.Web\Modulo1.Web.csproj", "{CE95DA6A-DBF4-433F-BCA3-2C89024C920C}"
EndProject
Project("{FAE04EC0-301F-11D3-BF4B-00C04F79EFBC}") = "Modulo4.Web", "Modulo4.Web\Modulo4.Web.csproj", "{DC704839-E8A2-42AB-BC97-1BDBD0167D6E}"
EndProject
Project("{FAE04EC0-301F-11D3-BF4B-00C04F79EFBC}") = "Modulo4.Core", "Modulo4.Core\Modulo4.Core.csproj", "{4921D1D7-AE8A-409F-8C28-F94E4CE5C2FA}"
EndProject
Project("{FAE04EC0-301F-11D3-BF4B-00C04F79EFBC}") = "Modulo6.Web", "Modulo6.Web\Modulo6.Web.csproj", "{9B11A2CD-10C1-48FF-8473-ED1AC7189EB3}"
EndProject
Project("{FAE04EC0-301F-11D3-BF4B-00C04F79EFBC}") = "Modulo6.Core", "Modulo6.Core\Modulo6.Core.csproj", "{9682FDE2-831F-4C46-9C67-2E84B3B5EB9B}"
EndProject
Project("{FAE04EC0-301F-11D3-BF4B-00C04F79EFBC}") = "Modulo9.Shell", "Modulo9.Shell\Modulo9.Shell.csproj", "{0AE28083-CB51-4A0E-833F-8D17CD4F6AB7}"
EndProject
Project("{FAE04EC0-301F-11D3-BF4B-00C04F79EFBC}") = "Modulo9.Core", "Modulo9.Core\Modulo9.Core.csproj", "{AD1421C2-0B22-40B2-8177-254920F1FF14}"
EndProject
Project("{FAE04EC0-301F-11D3-BF4B-00C04F79EFBC}") = "Modulo9.Web", "Modulo9.Web\Modulo9.Web.csproj", "{9A94CDC1-7961-4DC2-B8E3-5A88D3BFC140}"
EndProject
Project("{FAE04EC0-301F-11D3-BF4B-00C04F79EFBC}") = "Modulo10.Web", "Modulo10.Web\Modulo10.Web.csproj", "{A2536A5F-CB38-474E-A625-94AB18DC822F}"
EndProject
Project("{FAE04EC0-301F-11D3-BF4B-00C04F79EFBC}") = "Modulo11.Web", "Modulo11.Web\Modulo11.Web.csproj", "{B76607C2-9F5A-4DDC-80CB-F3E9C75739F4}"
EndProject
Project("{2150E333-8FDC-42A3-9474-1A3956D46DE8}") = "1-5", "1-5", "{575AEBAA-71A6-4BCC-ABEF-894E1DCF65BF}"
EndProject
Project("{2150E333-8FDC-42A3-9474-1A3956D46DE8}") = "6-10", "6-10", "{3E0F587D-865E-4508-BD5F-C24FA52DDB46}"
EndProject
Project("{2150E333-8FDC-42A3-9474-1A3956D46DE8}") = "11-16", "11-16", "{03063F2B-B513-4AA6-81A1-329F663389C8}"
EndProject
Project("{FAE04EC0-301F-11D3-BF4B-00C04F79EFBC}") = "Modulo12.Host", "Modulo12.Host\Modulo12.Host.csproj", "{7AE33198-3770-442F-9577-8EBA351121E1}"
EndProject
Project("{FAE04EC0-301F-11D3-BF4B-00C04F79EFBC}") = "Modulo12.Model", "Modulo12.Model\Modulo12.Model.csproj", "{57CEFC35-9865-488C-AAA2-F60BCEBCDEC9}"
EndProject
Project("{FAE04EC0-301F-11D3-BF4B-00C04F79EFBC}") = "Modulo12.Core", "Modulo12.Core\Modulo12.Core.csproj", "{3075C44A-A19B-4CD0-8991-85126ED250A4}"
EndProject
Project("{2150E333-8FDC-42A3-9474-1A3956D46DE8}") = "Modulo12", "Modulo12", "{C88C2610-0745-406A-8563-C63B38BE52E4}"
EndProject
Project("{FAE04EC0-301F-11D3-BF4B-00C04F79EFBC}") = "Modulo12.ClientWithoutWsdl", "Modulo12.ClientWithoutWsdl\Modulo12.ClientWithoutWsdl.csproj", "{0527E90C-C62D-483A-9EE4-B8E35A0CDE26}"
EndProject
Project("{FAE04EC0-301F-11D3-BF4B-00C04F79EFBC}") = "Modulo12.ClientWithWsdl", "Modulo12.ClientWithWsdl\Modulo12.ClientWithWsdl.csproj", "{AD0CCBF8-4F89-4ED2-BC0D-434504DA19BD}"
EndProject
Project("{FAE04EC0-301F-11D3-BF4B-00C04F79EFBC}") = "Modulo15.Web", "Modulo15.Web\Modulo15.Web.csproj", "{418AE27D-5F5D-4EAF-AD6B-C819F7812C82}"
EndProject
Project("{FAE04EC0-301F-11D3-BF4B-00C04F79EFBC}") = "Modulo16.Wpf", "Modulo16.Wpf\Modulo16.Wpf.csproj", "{718474B3-FCD0-4379-8719-22CC25C3611F}"
EndProject
Global
	GlobalSection(SolutionConfigurationPlatforms) = preSolution
		Debug|Any CPU = Debug|Any CPU
		Release|Any CPU = Release|Any CPU
	EndGlobalSection
	GlobalSection(ProjectConfigurationPlatforms) = postSolution
		{CE95DA6A-DBF4-433F-BCA3-2C89024C920C}.Debug|Any CPU.ActiveCfg = Debug|Any CPU
		{CE95DA6A-DBF4-433F-BCA3-2C89024C920C}.Debug|Any CPU.Build.0 = Debug|Any CPU
		{CE95DA6A-DBF4-433F-BCA3-2C89024C920C}.Release|Any CPU.ActiveCfg = Release|Any CPU
		{CE95DA6A-DBF4-433F-BCA3-2C89024C920C}.Release|Any CPU.Build.0 = Release|Any CPU
		{DC704839-E8A2-42AB-BC97-1BDBD0167D6E}.Debug|Any CPU.ActiveCfg = Debug|Any CPU
		{DC704839-E8A2-42AB-BC97-1BDBD0167D6E}.Debug|Any CPU.Build.0 = Debug|Any CPU
		{DC704839-E8A2-42AB-BC97-1BDBD0167D6E}.Release|Any CPU.ActiveCfg = Release|Any CPU
		{DC704839-E8A2-42AB-BC97-1BDBD0167D6E}.Release|Any CPU.Build.0 = Release|Any CPU
		{4921D1D7-AE8A-409F-8C28-F94E4CE5C2FA}.Debug|Any CPU.ActiveCfg = Debug|Any CPU
		{4921D1D7-AE8A-409F-8C28-F94E4CE5C2FA}.Debug|Any CPU.Build.0 = Debug|Any CPU
		{4921D1D7-AE8A-409F-8C28-F94E4CE5C2FA}.Release|Any CPU.ActiveCfg = Release|Any CPU
		{4921D1D7-AE8A-409F-8C28-F94E4CE5C2FA}.Release|Any CPU.Build.0 = Release|Any CPU
		{9B11A2CD-10C1-48FF-8473-ED1AC7189EB3}.Debug|Any CPU.ActiveCfg = Debug|Any CPU
		{9B11A2CD-10C1-48FF-8473-ED1AC7189EB3}.Debug|Any CPU.Build.0 = Debug|Any CPU
		{9B11A2CD-10C1-48FF-8473-ED1AC7189EB3}.Release|Any CPU.ActiveCfg = Release|Any CPU
		{9B11A2CD-10C1-48FF-8473-ED1AC7189EB3}.Release|Any CPU.Build.0 = Release|Any CPU
		{9682FDE2-831F-4C46-9C67-2E84B3B5EB9B}.Debug|Any CPU.ActiveCfg = Debug|Any CPU
		{9682FDE2-831F-4C46-9C67-2E84B3B5EB9B}.Debug|Any CPU.Build.0 = Debug|Any CPU
		{9682FDE2-831F-4C46-9C67-2E84B3B5EB9B}.Release|Any CPU.ActiveCfg = Release|Any CPU
		{9682FDE2-831F-4C46-9C67-2E84B3B5EB9B}.Release|Any CPU.Build.0 = Release|Any CPU
		{0AE28083-CB51-4A0E-833F-8D17CD4F6AB7}.Debug|Any CPU.ActiveCfg = Debug|Any CPU
		{0AE28083-CB51-4A0E-833F-8D17CD4F6AB7}.Debug|Any CPU.Build.0 = Debug|Any CPU
		{0AE28083-CB51-4A0E-833F-8D17CD4F6AB7}.Release|Any CPU.ActiveCfg = Release|Any CPU
		{0AE28083-CB51-4A0E-833F-8D17CD4F6AB7}.Release|Any CPU.Build.0 = Release|Any CPU
		{AD1421C2-0B22-40B2-8177-254920F1FF14}.Debug|Any CPU.ActiveCfg = Debug|Any CPU
		{AD1421C2-0B22-40B2-8177-254920F1FF14}.Debug|Any CPU.Build.0 = Debug|Any CPU
		{AD1421C2-0B22-40B2-8177-254920F1FF14}.Release|Any CPU.ActiveCfg = Release|Any CPU
		{AD1421C2-0B22-40B2-8177-254920F1FF14}.Release|Any CPU.Build.0 = Release|Any CPU
		{9A94CDC1-7961-4DC2-B8E3-5A88D3BFC140}.Debug|Any CPU.ActiveCfg = Debug|Any CPU
		{9A94CDC1-7961-4DC2-B8E3-5A88D3BFC140}.Debug|Any CPU.Build.0 = Debug|Any CPU
		{9A94CDC1-7961-4DC2-B8E3-5A88D3BFC140}.Release|Any CPU.ActiveCfg = Release|Any CPU
		{9A94CDC1-7961-4DC2-B8E3-5A88D3BFC140}.Release|Any CPU.Build.0 = Release|Any CPU
		{A2536A5F-CB38-474E-A625-94AB18DC822F}.Debug|Any CPU.ActiveCfg = Debug|Any CPU
		{A2536A5F-CB38-474E-A625-94AB18DC822F}.Debug|Any CPU.Build.0 = Debug|Any CPU
		{A2536A5F-CB38-474E-A625-94AB18DC822F}.Release|Any CPU.ActiveCfg = Release|Any CPU
		{A2536A5F-CB38-474E-A625-94AB18DC822F}.Release|Any CPU.Build.0 = Release|Any CPU
		{B76607C2-9F5A-4DDC-80CB-F3E9C75739F4}.Debug|Any CPU.ActiveCfg = Debug|Any CPU
		{B76607C2-9F5A-4DDC-80CB-F3E9C75739F4}.Debug|Any CPU.Build.0 = Debug|Any CPU
		{B76607C2-9F5A-4DDC-80CB-F3E9C75739F4}.Release|Any CPU.ActiveCfg = Release|Any CPU
		{B76607C2-9F5A-4DDC-80CB-F3E9C75739F4}.Release|Any CPU.Build.0 = Release|Any CPU
		{7AE33198-3770-442F-9577-8EBA351121E1}.Debug|Any CPU.ActiveCfg = Debug|Any CPU
		{7AE33198-3770-442F-9577-8EBA351121E1}.Debug|Any CPU.Build.0 = Debug|Any CPU
		{7AE33198-3770-442F-9577-8EBA351121E1}.Release|Any CPU.ActiveCfg = Release|Any CPU
		{7AE33198-3770-442F-9577-8EBA351121E1}.Release|Any CPU.Build.0 = Release|Any CPU
		{57CEFC35-9865-488C-AAA2-F60BCEBCDEC9}.Debug|Any CPU.ActiveCfg = Debug|Any CPU
		{57CEFC35-9865-488C-AAA2-F60BCEBCDEC9}.Debug|Any CPU.Build.0 = Debug|Any CPU
		{57CEFC35-9865-488C-AAA2-F60BCEBCDEC9}.Release|Any CPU.ActiveCfg = Release|Any CPU
		{57CEFC35-9865-488C-AAA2-F60BCEBCDEC9}.Release|Any CPU.Build.0 = Release|Any CPU
		{3075C44A-A19B-4CD0-8991-85126ED250A4}.Debug|Any CPU.ActiveCfg = Debug|Any CPU
		{3075C44A-A19B-4CD0-8991-85126ED250A4}.Debug|Any CPU.Build.0 = Debug|Any CPU
		{3075C44A-A19B-4CD0-8991-85126ED250A4}.Release|Any CPU.ActiveCfg = Release|Any CPU
		{3075C44A-A19B-4CD0-8991-85126ED250A4}.Release|Any CPU.Build.0 = Release|Any CPU
		{0527E90C-C62D-483A-9EE4-B8E35A0CDE26}.Debug|Any CPU.ActiveCfg = Debug|Any CPU
		{0527E90C-C62D-483A-9EE4-B8E35A0CDE26}.Debug|Any CPU.Build.0 = Debug|Any CPU
		{0527E90C-C62D-483A-9EE4-B8E35A0CDE26}.Release|Any CPU.ActiveCfg = Release|Any CPU
		{0527E90C-C62D-483A-9EE4-B8E35A0CDE26}.Release|Any CPU.Build.0 = Release|Any CPU
		{AD0CCBF8-4F89-4ED2-BC0D-434504DA19BD}.Debug|Any CPU.ActiveCfg = Debug|Any CPU
		{AD0CCBF8-4F89-4ED2-BC0D-434504DA19BD}.Debug|Any CPU.Build.0 = Debug|Any CPU
		{AD0CCBF8-4F89-4ED2-BC0D-434504DA19BD}.Release|Any CPU.ActiveCfg = Release|Any CPU
		{AD0CCBF8-4F89-4ED2-BC0D-434504DA19BD}.Release|Any CPU.Build.0 = Release|Any CPU
		{418AE27D-5F5D-4EAF-AD6B-C819F7812C82}.Debug|Any CPU.ActiveCfg = Debug|Any CPU
		{418AE27D-5F5D-4EAF-AD6B-C819F7812C82}.Debug|Any CPU.Build.0 = Debug|Any CPU
		{418AE27D-5F5D-4EAF-AD6B-C819F7812C82}.Release|Any CPU.ActiveCfg = Release|Any CPU
		{418AE27D-5F5D-4EAF-AD6B-C819F7812C82}.Release|Any CPU.Build.0 = Release|Any CPU
		{718474B3-FCD0-4379-8719-22CC25C3611F}.Debug|Any CPU.ActiveCfg = Debug|Any CPU
		{718474B3-FCD0-4379-8719-22CC25C3611F}.Debug|Any CPU.Build.0 = Debug|Any CPU
		{718474B3-FCD0-4379-8719-22CC25C3611F}.Release|Any CPU.ActiveCfg = Release|Any CPU
		{718474B3-FCD0-4379-8719-22CC25C3611F}.Release|Any CPU.Build.0 = Release|Any CPU
	EndGlobalSection
	GlobalSection(SolutionProperties) = preSolution
		HideSolutionNode = FALSE
	EndGlobalSection
	GlobalSection(NestedProjects) = preSolution
		{DC704839-E8A2-42AB-BC97-1BDBD0167D6E} = {575AEBAA-71A6-4BCC-ABEF-894E1DCF65BF}
		{4921D1D7-AE8A-409F-8C28-F94E4CE5C2FA} = {575AEBAA-71A6-4BCC-ABEF-894E1DCF65BF}
		{CE95DA6A-DBF4-433F-BCA3-2C89024C920C} = {575AEBAA-71A6-4BCC-ABEF-894E1DCF65BF}
		{9682FDE2-831F-4C46-9C67-2E84B3B5EB9B} = {3E0F587D-865E-4508-BD5F-C24FA52DDB46}
		{0AE28083-CB51-4A0E-833F-8D17CD4F6AB7} = {3E0F587D-865E-4508-BD5F-C24FA52DDB46}
		{AD1421C2-0B22-40B2-8177-254920F1FF14} = {3E0F587D-865E-4508-BD5F-C24FA52DDB46}
		{9A94CDC1-7961-4DC2-B8E3-5A88D3BFC140} = {3E0F587D-865E-4508-BD5F-C24FA52DDB46}
		{A2536A5F-CB38-474E-A625-94AB18DC822F} = {3E0F587D-865E-4508-BD5F-C24FA52DDB46}
		{9B11A2CD-10C1-48FF-8473-ED1AC7189EB3} = {3E0F587D-865E-4508-BD5F-C24FA52DDB46}
		{B76607C2-9F5A-4DDC-80CB-F3E9C75739F4} = {03063F2B-B513-4AA6-81A1-329F663389C8}
		{418AE27D-5F5D-4EAF-AD6B-C819F7812C82} = {03063F2B-B513-4AA6-81A1-329F663389C8}
		{718474B3-FCD0-4379-8719-22CC25C3611F} = {03063F2B-B513-4AA6-81A1-329F663389C8}
		{57CEFC35-9865-488C-AAA2-F60BCEBCDEC9} = {C88C2610-0745-406A-8563-C63B38BE52E4}
		{3075C44A-A19B-4CD0-8991-85126ED250A4} = {C88C2610-0745-406A-8563-C63B38BE52E4}
		{7AE33198-3770-442F-9577-8EBA351121E1} = {C88C2610-0745-406A-8563-C63B38BE52E4}
		{0527E90C-C62D-483A-9EE4-B8E35A0CDE26} = {C88C2610-0745-406A-8563-C63B38BE52E4}
		{AD0CCBF8-4F89-4ED2-BC0D-434504DA19BD} = {C88C2610-0745-406A-8563-C63B38BE52E4}
	EndGlobalSection
EndGlobal
