
Microsoft Visual Studio Solution File, Format Version 11.00
# Visual Studio 2010
Project("{FAE04EC0-301F-11D3-BF4B-00C04F79EFBC}") = "Modulo7.Web", "Modulo7.Web\Modulo7.Web.csproj", "{A0047AAF-736D-427A-9770-61ECCB430BBB}"
EndProject
Project("{FAE04EC0-301F-11D3-BF4B-00C04F79EFBC}") = "Modulo7.Shell", "Modulo7.Shell\Modulo7.Shell.csproj", "{F167636B-9632-42B3-A750-A38AA7A34163}"
EndProject
Project("{FAE04EC0-301F-11D3-BF4B-00C04F79EFBC}") = "Modulo7.DAL", "Modulo7.DAL\Modulo7.DAL.csproj", "{A89B182C-C7D6-49B0-B8DA-7648DFF2742B}"
EndProject
Global
	GlobalSection(SolutionConfigurationPlatforms) = preSolution
		Debug|Any CPU = Debug|Any CPU
		Debug|Mixed Platforms = Debug|Mixed Platforms
		Debug|x86 = Debug|x86
		Release|Any CPU = Release|Any CPU
		Release|Mixed Platforms = Release|Mixed Platforms
		Release|x86 = Release|x86
	EndGlobalSection
	GlobalSection(ProjectConfigurationPlatforms) = postSolution
		{A0047AAF-736D-427A-9770-61ECCB430BBB}.Debug|Any CPU.ActiveCfg = Debug|Any CPU
		{A0047AAF-736D-427A-9770-61ECCB430BBB}.Debug|Any CPU.Build.0 = Debug|Any CPU
		{A0047AAF-736D-427A-9770-61ECCB430BBB}.Debug|Mixed Platforms.ActiveCfg = Debug|Any CPU
		{A0047AAF-736D-427A-9770-61ECCB430BBB}.Debug|Mixed Platforms.Build.0 = Debug|Any CPU
		{A0047AAF-736D-427A-9770-61ECCB430BBB}.Debug|x86.ActiveCfg = Debug|Any CPU
		{A0047AAF-736D-427A-9770-61ECCB430BBB}.Release|Any CPU.ActiveCfg = Release|Any CPU
		{A0047AAF-736D-427A-9770-61ECCB430BBB}.Release|Any CPU.Build.0 = Release|Any CPU
		{A0047AAF-736D-427A-9770-61ECCB430BBB}.Release|Mixed Platforms.ActiveCfg = Release|Any CPU
		{A0047AAF-736D-427A-9770-61ECCB430BBB}.Release|Mixed Platforms.Build.0 = Release|Any CPU
		{A0047AAF-736D-427A-9770-61ECCB430BBB}.Release|x86.ActiveCfg = Release|Any CPU
		{F167636B-9632-42B3-A750-A38AA7A34163}.Debug|Any CPU.ActiveCfg = Debug|x86
		{F167636B-9632-42B3-A750-A38AA7A34163}.Debug|Mixed Platforms.ActiveCfg = Debug|x86
		{F167636B-9632-42B3-A750-A38AA7A34163}.Debug|Mixed Platforms.Build.0 = Debug|x86
		{F167636B-9632-42B3-A750-A38AA7A34163}.Debug|x86.ActiveCfg = Debug|x86
		{F167636B-9632-42B3-A750-A38AA7A34163}.Debug|x86.Build.0 = Debug|x86
		{F167636B-9632-42B3-A750-A38AA7A34163}.Release|Any CPU.ActiveCfg = Release|x86
		{F167636B-9632-42B3-A750-A38AA7A34163}.Release|Mixed Platforms.ActiveCfg = Release|x86
		{F167636B-9632-42B3-A750-A38AA7A34163}.Release|Mixed Platforms.Build.0 = Release|x86
		{F167636B-9632-42B3-A750-A38AA7A34163}.Release|x86.ActiveCfg = Release|x86
		{F167636B-9632-42B3-A750-A38AA7A34163}.Release|x86.Build.0 = Release|x86
		{A89B182C-C7D6-49B0-B8DA-7648DFF2742B}.Debug|Any CPU.ActiveCfg = Debug|Any CPU
		{A89B182C-C7D6-49B0-B8DA-7648DFF2742B}.Debug|Any CPU.Build.0 = Debug|Any CPU
		{A89B182C-C7D6-49B0-B8DA-7648DFF2742B}.Debug|Mixed Platforms.ActiveCfg = Debug|Any CPU
		{A89B182C-C7D6-49B0-B8DA-7648DFF2742B}.Debug|Mixed Platforms.Build.0 = Debug|Any CPU
		{A89B182C-C7D6-49B0-B8DA-7648DFF2742B}.Debug|x86.ActiveCfg = Debug|Any CPU
		{A89B182C-C7D6-49B0-B8DA-7648DFF2742B}.Release|Any CPU.ActiveCfg = Release|Any CPU
		{A89B182C-C7D6-49B0-B8DA-7648DFF2742B}.Release|Any CPU.Build.0 = Release|Any CPU
		{A89B182C-C7D6-49B0-B8DA-7648DFF2742B}.Release|Mixed Platforms.ActiveCfg = Release|Any CPU
		{A89B182C-C7D6-49B0-B8DA-7648DFF2742B}.Release|Mixed Platforms.Build.0 = Release|Any CPU
		{A89B182C-C7D6-49B0-B8DA-7648DFF2742B}.Release|x86.ActiveCfg = Release|Any CPU
	EndGlobalSection
	GlobalSection(SolutionProperties) = preSolution
		HideSolutionNode = FALSE
	EndGlobalSection
EndGlobal
