
Microsoft Visual Studio Solution File, Format Version 12.00
# Visual Studio 2012
Project("{FAE04EC0-301F-11D3-BF4B-00C04F79EFBC}") = "Modulo1.WebForms", "Modulo1.WebForms\Modulo1.WebForms.csproj", "{38CD24A3-7BC3-4914-9DCB-BB6F9A727767}"
EndProject
Project("{FAE04EC0-301F-11D3-BF4B-00C04F79EFBC}") = "Modulo1.Web", "Modulo1.Web\Modulo1.Web.csproj", "{4C90E94D-6204-4403-8028-CABDDA0FBF66}"
EndProject
Project("{FAE04EC0-301F-11D3-BF4B-00C04F79EFBC}") = "Modulo5.Web", "Modulo5.Web\Modulo5.Web.csproj", "{2F44C601-9A7C-430C-9C2C-459BA23D7CD9}"
EndProject
Project("{FAE04EC0-301F-11D3-BF4B-00C04F79EFBC}") = "Modulo7.Web", "Modulo7.Web\Modulo7.Web.csproj", "{FE393C92-0E33-4F1C-BE50-3F1AA041C88E}"
EndProject
Project("{FAE04EC0-301F-11D3-BF4B-00C04F79EFBC}") = "Modulo7.Tests", "Modulo7.Tests\Modulo7.Tests.csproj", "{BCFBE994-2922-41FC-8C0C-06A500EAF307}"
EndProject
Project("{FAE04EC0-301F-11D3-BF4B-00C04F79EFBC}") = "Modulo7.Core", "Modulo7.Core\Modulo7.Core.csproj", "{AEE09562-9517-4AD4-BFA3-FAE4CDBB5115}"
EndProject
Project("{FAE04EC0-301F-11D3-BF4B-00C04F79EFBC}") = "Modulo10.Web", "Modulo10.Web\Modulo10.Web.csproj", "{535C4920-7ED0-4328-91FC-3C4357158E38}"
EndProject
Project("{FAE04EC0-301F-11D3-BF4B-00C04F79EFBC}") = "Modulo15.Wpf", "Modulo15.Wpf\Modulo15.Wpf.csproj", "{4785E6AE-5230-45FA-B099-19CBDEB8800B}"
EndProject
Project("{FAE04EC0-301F-11D3-BF4B-00C04F79EFBC}") = "Modulo13.Web", "Modulo13.Web\Modulo13.Web.csproj", "{54AC2690-3451-4392-808A-71A38F580610}"
EndProject
Global
	GlobalSection(SolutionConfigurationPlatforms) = preSolution
		Debug|Any CPU = Debug|Any CPU
		Release|Any CPU = Release|Any CPU
	EndGlobalSection
	GlobalSection(ProjectConfigurationPlatforms) = postSolution
		{38CD24A3-7BC3-4914-9DCB-BB6F9A727767}.Debug|Any CPU.ActiveCfg = Debug|Any CPU
		{38CD24A3-7BC3-4914-9DCB-BB6F9A727767}.Debug|Any CPU.Build.0 = Debug|Any CPU
		{38CD24A3-7BC3-4914-9DCB-BB6F9A727767}.Release|Any CPU.ActiveCfg = Release|Any CPU
		{38CD24A3-7BC3-4914-9DCB-BB6F9A727767}.Release|Any CPU.Build.0 = Release|Any CPU
		{4C90E94D-6204-4403-8028-CABDDA0FBF66}.Debug|Any CPU.ActiveCfg = Debug|Any CPU
		{4C90E94D-6204-4403-8028-CABDDA0FBF66}.Debug|Any CPU.Build.0 = Debug|Any CPU
		{4C90E94D-6204-4403-8028-CABDDA0FBF66}.Release|Any CPU.ActiveCfg = Release|Any CPU
		{4C90E94D-6204-4403-8028-CABDDA0FBF66}.Release|Any CPU.Build.0 = Release|Any CPU
		{2F44C601-9A7C-430C-9C2C-459BA23D7CD9}.Debug|Any CPU.ActiveCfg = Debug|Any CPU
		{2F44C601-9A7C-430C-9C2C-459BA23D7CD9}.Debug|Any CPU.Build.0 = Debug|Any CPU
		{2F44C601-9A7C-430C-9C2C-459BA23D7CD9}.Release|Any CPU.ActiveCfg = Release|Any CPU
		{2F44C601-9A7C-430C-9C2C-459BA23D7CD9}.Release|Any CPU.Build.0 = Release|Any CPU
		{FE393C92-0E33-4F1C-BE50-3F1AA041C88E}.Debug|Any CPU.ActiveCfg = Debug|Any CPU
		{FE393C92-0E33-4F1C-BE50-3F1AA041C88E}.Debug|Any CPU.Build.0 = Debug|Any CPU
		{FE393C92-0E33-4F1C-BE50-3F1AA041C88E}.Release|Any CPU.ActiveCfg = Release|Any CPU
		{FE393C92-0E33-4F1C-BE50-3F1AA041C88E}.Release|Any CPU.Build.0 = Release|Any CPU
		{BCFBE994-2922-41FC-8C0C-06A500EAF307}.Debug|Any CPU.ActiveCfg = Debug|Any CPU
		{BCFBE994-2922-41FC-8C0C-06A500EAF307}.Debug|Any CPU.Build.0 = Debug|Any CPU
		{BCFBE994-2922-41FC-8C0C-06A500EAF307}.Release|Any CPU.ActiveCfg = Release|Any CPU
		{BCFBE994-2922-41FC-8C0C-06A500EAF307}.Release|Any CPU.Build.0 = Release|Any CPU
		{AEE09562-9517-4AD4-BFA3-FAE4CDBB5115}.Debug|Any CPU.ActiveCfg = Debug|Any CPU
		{AEE09562-9517-4AD4-BFA3-FAE4CDBB5115}.Debug|Any CPU.Build.0 = Debug|Any CPU
		{AEE09562-9517-4AD4-BFA3-FAE4CDBB5115}.Release|Any CPU.ActiveCfg = Release|Any CPU
		{AEE09562-9517-4AD4-BFA3-FAE4CDBB5115}.Release|Any CPU.Build.0 = Release|Any CPU
		{535C4920-7ED0-4328-91FC-3C4357158E38}.Debug|Any CPU.ActiveCfg = Debug|Any CPU
		{535C4920-7ED0-4328-91FC-3C4357158E38}.Debug|Any CPU.Build.0 = Debug|Any CPU
		{535C4920-7ED0-4328-91FC-3C4357158E38}.Release|Any CPU.ActiveCfg = Release|Any CPU
		{535C4920-7ED0-4328-91FC-3C4357158E38}.Release|Any CPU.Build.0 = Release|Any CPU
		{4785E6AE-5230-45FA-B099-19CBDEB8800B}.Debug|Any CPU.ActiveCfg = Debug|Any CPU
		{4785E6AE-5230-45FA-B099-19CBDEB8800B}.Debug|Any CPU.Build.0 = Debug|Any CPU
		{4785E6AE-5230-45FA-B099-19CBDEB8800B}.Release|Any CPU.ActiveCfg = Release|Any CPU
		{4785E6AE-5230-45FA-B099-19CBDEB8800B}.Release|Any CPU.Build.0 = Release|Any CPU
		{54AC2690-3451-4392-808A-71A38F580610}.Debug|Any CPU.ActiveCfg = Debug|Any CPU
		{54AC2690-3451-4392-808A-71A38F580610}.Debug|Any CPU.Build.0 = Debug|Any CPU
		{54AC2690-3451-4392-808A-71A38F580610}.Release|Any CPU.ActiveCfg = Release|Any CPU
		{54AC2690-3451-4392-808A-71A38F580610}.Release|Any CPU.Build.0 = Release|Any CPU
	EndGlobalSection
	GlobalSection(SolutionProperties) = preSolution
		HideSolutionNode = FALSE
	EndGlobalSection
EndGlobal
