
Microsoft Visual Studio Solution File, Format Version 11.00
# Visual Studio 2010
Project("{FAE04EC0-301F-11D3-BF4B-00C04F79EFBC}") = "Modulo10.DataAccess", "Modulo10.DataAccess\Modulo10.DataAccess.csproj", "{97552FD2-AECF-4EEC-B7F3-CADD45392ADB}"
EndProject
Project("{FAE04EC0-301F-11D3-BF4B-00C04F79EFBC}") = "Modulo10.Web", "Modulo10.Web\Modulo10.Web.csproj", "{009DFD5C-39EF-47AA-B587-BFE99AC4E385}"
EndProject
Global
	GlobalSection(SolutionConfigurationPlatforms) = preSolution
		Debug|Any CPU = Debug|Any CPU
		Release|Any CPU = Release|Any CPU
	EndGlobalSection
	GlobalSection(ProjectConfigurationPlatforms) = postSolution
		{97552FD2-AECF-4EEC-B7F3-CADD45392ADB}.Debug|Any CPU.ActiveCfg = Debug|Any CPU
		{97552FD2-AECF-4EEC-B7F3-CADD45392ADB}.Debug|Any CPU.Build.0 = Debug|Any CPU
		{97552FD2-AECF-4EEC-B7F3-CADD45392ADB}.Release|Any CPU.ActiveCfg = Release|Any CPU
		{97552FD2-AECF-4EEC-B7F3-CADD45392ADB}.Release|Any CPU.Build.0 = Release|Any CPU
		{009DFD5C-39EF-47AA-B587-BFE99AC4E385}.Debug|Any CPU.ActiveCfg = Debug|Any CPU
		{009DFD5C-39EF-47AA-B587-BFE99AC4E385}.Debug|Any CPU.Build.0 = Debug|Any CPU
		{009DFD5C-39EF-47AA-B587-BFE99AC4E385}.Release|Any CPU.ActiveCfg = Release|Any CPU
		{009DFD5C-39EF-47AA-B587-BFE99AC4E385}.Release|Any CPU.Build.0 = Release|Any CPU
	EndGlobalSection
	GlobalSection(SolutionProperties) = preSolution
		HideSolutionNode = FALSE
	EndGlobalSection
EndGlobal
