
Microsoft Visual Studio Solution File, Format Version 12.00
# Visual Studio 2012
Project("{FAE04EC0-301F-11D3-BF4B-00C04F79EFBC}") = "Modulo1.WebForms", "Modulo1.WebForms\Modulo1.WebForms.csproj", "{CB542738-C128-47ED-8DEA-5F8BE99ECE1C}"
EndProject
Project("{FAE04EC0-301F-11D3-BF4B-00C04F79EFBC}") = "Modulo1.MVC", "Modulo1.MVC\Modulo1.MVC.csproj", "{568A5826-F720-4ECB-96AB-6426C927696D}"
EndProject
Project("{FAE04EC0-301F-11D3-BF4B-00C04F79EFBC}") = "Modulo4.Web2", "Modulo4.Web2\Modulo4.Web2.csproj", "{18502BE7-1AF7-4415-8B8C-2F84BD1EC39E}"
EndProject
Project("{FAE04EC0-301F-11D3-BF4B-00C04F79EFBC}") = "Modulo5.Web", "Modulo5.Web\Modulo5.Web.csproj", "{4C70400F-661B-43E3-8556-16F3D6BA9DC1}"
EndProject
Project("{FAE04EC0-301F-11D3-BF4B-00C04F79EFBC}") = "Modulo7.Web", "Modulo7.Web\Modulo7.Web.csproj", "{99E94D61-0AA4-4599-95DE-302E7A56FC95}"
EndProject
Project("{2150E333-8FDC-42A3-9474-1A3956D46DE8}") = "Modulo8", "Modulo8", "{624DE85C-44AD-4F3F-94B1-F9047856F387}"
EndProject
Project("{FAE04EC0-301F-11D3-BF4B-00C04F79EFBC}") = "Modulo8.Model", "Modulo8.Model\Modulo8.Model.csproj", "{88A4ADAB-894A-4BA7-A6B9-9E600C216208}"
EndProject
Project("{FAE04EC0-301F-11D3-BF4B-00C04F79EFBC}") = "Modulo8.Web", "Modulo8.Web\Modulo8.Web.csproj", "{B43F150A-3B7D-4728-9859-9D38D7C1E2BE}"
EndProject
Project("{2150E333-8FDC-42A3-9474-1A3956D46DE8}") = "Modulo10", "Modulo10", "{08F22C96-E3E7-4ABD-BDE2-E95D5EFFFF14}"
EndProject
Project("{FAE04EC0-301F-11D3-BF4B-00C04F79EFBC}") = "Modulo10.WebExemplo", "Modulo10.WebExemplo\Modulo10.WebExemplo.csproj", "{ED675484-C1E1-407B-8BAA-B646B4240360}"
EndProject
Project("{FAE04EC0-301F-11D3-BF4B-00C04F79EFBC}") = "Modulo12.WebForms", "Modulo12.WebForms\Modulo12.WebForms.csproj", "{8D6D7655-4588-4134-825B-A6700A34CA26}"
EndProject
Project("{FAE04EC0-301F-11D3-BF4B-00C04F79EFBC}") = "Modulo12.Web", "Modulo12.Web\Modulo12.Web.csproj", "{D79C8918-5046-42A5-96FA-506DBF0EDE8D}"
EndProject
Project("{FAE04EC0-301F-11D3-BF4B-00C04F79EFBC}") = "Modulo13.Web", "Modulo13.Web\Modulo13.Web.csproj", "{8DE7D78B-33C2-4DCE-817B-3C07433DC8C6}"
EndProject
Project("{FAE04EC0-301F-11D3-BF4B-00C04F79EFBC}") = "Modulo15.WPF", "Modulo15.WPF\Modulo15.WPF.csproj", "{D69DF78A-15A1-400C-A342-5E1EEE3275A7}"
EndProject
Project("{FAE04EC0-301F-11D3-BF4B-00C04F79EFBC}") = "Modulo8.Tests", "Modulo8.Tests\Modulo8.Tests.csproj", "{A9292DBF-D071-4473-94C6-528CBE5289A5}"
EndProject
Global
	GlobalSection(SolutionConfigurationPlatforms) = preSolution
		Debug|Any CPU = Debug|Any CPU
		Release|Any CPU = Release|Any CPU
	EndGlobalSection
	GlobalSection(ProjectConfigurationPlatforms) = postSolution
		{CB542738-C128-47ED-8DEA-5F8BE99ECE1C}.Debug|Any CPU.ActiveCfg = Debug|Any CPU
		{CB542738-C128-47ED-8DEA-5F8BE99ECE1C}.Debug|Any CPU.Build.0 = Debug|Any CPU
		{CB542738-C128-47ED-8DEA-5F8BE99ECE1C}.Release|Any CPU.ActiveCfg = Release|Any CPU
		{CB542738-C128-47ED-8DEA-5F8BE99ECE1C}.Release|Any CPU.Build.0 = Release|Any CPU
		{568A5826-F720-4ECB-96AB-6426C927696D}.Debug|Any CPU.ActiveCfg = Debug|Any CPU
		{568A5826-F720-4ECB-96AB-6426C927696D}.Debug|Any CPU.Build.0 = Debug|Any CPU
		{568A5826-F720-4ECB-96AB-6426C927696D}.Release|Any CPU.ActiveCfg = Release|Any CPU
		{568A5826-F720-4ECB-96AB-6426C927696D}.Release|Any CPU.Build.0 = Release|Any CPU
		{18502BE7-1AF7-4415-8B8C-2F84BD1EC39E}.Debug|Any CPU.ActiveCfg = Debug|Any CPU
		{18502BE7-1AF7-4415-8B8C-2F84BD1EC39E}.Debug|Any CPU.Build.0 = Debug|Any CPU
		{18502BE7-1AF7-4415-8B8C-2F84BD1EC39E}.Release|Any CPU.ActiveCfg = Release|Any CPU
		{18502BE7-1AF7-4415-8B8C-2F84BD1EC39E}.Release|Any CPU.Build.0 = Release|Any CPU
		{4C70400F-661B-43E3-8556-16F3D6BA9DC1}.Debug|Any CPU.ActiveCfg = Debug|Any CPU
		{4C70400F-661B-43E3-8556-16F3D6BA9DC1}.Debug|Any CPU.Build.0 = Debug|Any CPU
		{4C70400F-661B-43E3-8556-16F3D6BA9DC1}.Release|Any CPU.ActiveCfg = Release|Any CPU
		{4C70400F-661B-43E3-8556-16F3D6BA9DC1}.Release|Any CPU.Build.0 = Release|Any CPU
		{99E94D61-0AA4-4599-95DE-302E7A56FC95}.Debug|Any CPU.ActiveCfg = Debug|Any CPU
		{99E94D61-0AA4-4599-95DE-302E7A56FC95}.Debug|Any CPU.Build.0 = Debug|Any CPU
		{99E94D61-0AA4-4599-95DE-302E7A56FC95}.Release|Any CPU.ActiveCfg = Release|Any CPU
		{99E94D61-0AA4-4599-95DE-302E7A56FC95}.Release|Any CPU.Build.0 = Release|Any CPU
		{88A4ADAB-894A-4BA7-A6B9-9E600C216208}.Debug|Any CPU.ActiveCfg = Debug|Any CPU
		{88A4ADAB-894A-4BA7-A6B9-9E600C216208}.Debug|Any CPU.Build.0 = Debug|Any CPU
		{88A4ADAB-894A-4BA7-A6B9-9E600C216208}.Release|Any CPU.ActiveCfg = Release|Any CPU
		{88A4ADAB-894A-4BA7-A6B9-9E600C216208}.Release|Any CPU.Build.0 = Release|Any CPU
		{B43F150A-3B7D-4728-9859-9D38D7C1E2BE}.Debug|Any CPU.ActiveCfg = Debug|Any CPU
		{B43F150A-3B7D-4728-9859-9D38D7C1E2BE}.Debug|Any CPU.Build.0 = Debug|Any CPU
		{B43F150A-3B7D-4728-9859-9D38D7C1E2BE}.Release|Any CPU.ActiveCfg = Release|Any CPU
		{B43F150A-3B7D-4728-9859-9D38D7C1E2BE}.Release|Any CPU.Build.0 = Release|Any CPU
		{ED675484-C1E1-407B-8BAA-B646B4240360}.Debug|Any CPU.ActiveCfg = Debug|Any CPU
		{ED675484-C1E1-407B-8BAA-B646B4240360}.Debug|Any CPU.Build.0 = Debug|Any CPU
		{ED675484-C1E1-407B-8BAA-B646B4240360}.Release|Any CPU.ActiveCfg = Release|Any CPU
		{ED675484-C1E1-407B-8BAA-B646B4240360}.Release|Any CPU.Build.0 = Release|Any CPU
		{8D6D7655-4588-4134-825B-A6700A34CA26}.Debug|Any CPU.ActiveCfg = Debug|Any CPU
		{8D6D7655-4588-4134-825B-A6700A34CA26}.Debug|Any CPU.Build.0 = Debug|Any CPU
		{8D6D7655-4588-4134-825B-A6700A34CA26}.Release|Any CPU.ActiveCfg = Release|Any CPU
		{8D6D7655-4588-4134-825B-A6700A34CA26}.Release|Any CPU.Build.0 = Release|Any CPU
		{D79C8918-5046-42A5-96FA-506DBF0EDE8D}.Debug|Any CPU.ActiveCfg = Debug|Any CPU
		{D79C8918-5046-42A5-96FA-506DBF0EDE8D}.Debug|Any CPU.Build.0 = Debug|Any CPU
		{D79C8918-5046-42A5-96FA-506DBF0EDE8D}.Release|Any CPU.ActiveCfg = Release|Any CPU
		{D79C8918-5046-42A5-96FA-506DBF0EDE8D}.Release|Any CPU.Build.0 = Release|Any CPU
		{8DE7D78B-33C2-4DCE-817B-3C07433DC8C6}.Debug|Any CPU.ActiveCfg = Debug|Any CPU
		{8DE7D78B-33C2-4DCE-817B-3C07433DC8C6}.Debug|Any CPU.Build.0 = Debug|Any CPU
		{8DE7D78B-33C2-4DCE-817B-3C07433DC8C6}.Release|Any CPU.ActiveCfg = Release|Any CPU
		{8DE7D78B-33C2-4DCE-817B-3C07433DC8C6}.Release|Any CPU.Build.0 = Release|Any CPU
		{D69DF78A-15A1-400C-A342-5E1EEE3275A7}.Debug|Any CPU.ActiveCfg = Debug|Any CPU
		{D69DF78A-15A1-400C-A342-5E1EEE3275A7}.Debug|Any CPU.Build.0 = Debug|Any CPU
		{D69DF78A-15A1-400C-A342-5E1EEE3275A7}.Release|Any CPU.ActiveCfg = Release|Any CPU
		{D69DF78A-15A1-400C-A342-5E1EEE3275A7}.Release|Any CPU.Build.0 = Release|Any CPU
		{A9292DBF-D071-4473-94C6-528CBE5289A5}.Debug|Any CPU.ActiveCfg = Debug|Any CPU
		{A9292DBF-D071-4473-94C6-528CBE5289A5}.Debug|Any CPU.Build.0 = Debug|Any CPU
		{A9292DBF-D071-4473-94C6-528CBE5289A5}.Release|Any CPU.ActiveCfg = Release|Any CPU
		{A9292DBF-D071-4473-94C6-528CBE5289A5}.Release|Any CPU.Build.0 = Release|Any CPU
	EndGlobalSection
	GlobalSection(SolutionProperties) = preSolution
		HideSolutionNode = FALSE
	EndGlobalSection
	GlobalSection(NestedProjects) = preSolution
		{88A4ADAB-894A-4BA7-A6B9-9E600C216208} = {624DE85C-44AD-4F3F-94B1-F9047856F387}
		{B43F150A-3B7D-4728-9859-9D38D7C1E2BE} = {624DE85C-44AD-4F3F-94B1-F9047856F387}
		{A9292DBF-D071-4473-94C6-528CBE5289A5} = {624DE85C-44AD-4F3F-94B1-F9047856F387}
		{ED675484-C1E1-407B-8BAA-B646B4240360} = {08F22C96-E3E7-4ABD-BDE2-E95D5EFFFF14}
	EndGlobalSection
EndGlobal
